
Microsoft Visual Studio Solution File, Format Version 12.00
# Visual Studio 15
VisualStudioVersion = 15.0.28307.329
MinimumVisualStudioVersion = 10.0.40219.1
Project("{FAE04EC0-301F-11D3-BF4B-00C04F79EFBC}") = "Sales.Android", "Sales\Sales.Android\Sales.Android.csproj", "{649C7C2A-E73F-4605-B8E5-F1CD758A87EA}"
EndProject
Project("{FAE04EC0-301F-11D3-BF4B-00C04F79EFBC}") = "Sales.iOS", "Sales\Sales.iOS\Sales.iOS.csproj", "{A30401BB-64E2-43A3-968F-32E54A0116D6}"
EndProject
Project("{FAE04EC0-301F-11D3-BF4B-00C04F79EFBC}") = "Sales.UWP", "Sales\Sales.UWP\Sales.UWP.csproj", "{BD4101F7-EE54-45EF-B3CC-198B9CB71206}"
EndProject
Project("{FAE04EC0-301F-11D3-BF4B-00C04F79EFBC}") = "Sales", "Sales\Sales\Sales.csproj", "{EEC12575-1925-4C59-AC05-94DD6C0B3039}"
EndProject
Project("{FAE04EC0-301F-11D3-BF4B-00C04F79EFBC}") = "Sales.Backend", "Sales.Backend\Sales.Backend.csproj", "{028E7AB9-07A6-4CEE-AF39-57DBC4C26B9A}"
EndProject
Project("{FAE04EC0-301F-11D3-BF4B-00C04F79EFBC}") = "Sales.Api", "Sales.Api\Sales.Api.csproj", "{6227002A-99B8-494D-955A-F46E3BF11E6B}"
EndProject
Project("{FAE04EC0-301F-11D3-BF4B-00C04F79EFBC}") = "Sales.Domain", "Sales.Domain\Sales.Domain.csproj", "{47EA4601-5BE5-4031-AA8B-AF596C947C5F}"
EndProject
Project("{FAE04EC0-301F-11D3-BF4B-00C04F79EFBC}") = "Sales.Common", "Sales.Common\Sales.Common.csproj", "{AF750477-7E19-45FF-A74B-4A8C424DC7F5}"
EndProject
Global
	GlobalSection(SolutionConfigurationPlatforms) = preSolution
		Ad-Hoc|Any CPU = Ad-Hoc|Any CPU
		Ad-Hoc|ARM = Ad-Hoc|ARM
		Ad-Hoc|iPhone = Ad-Hoc|iPhone
		Ad-Hoc|iPhoneSimulator = Ad-Hoc|iPhoneSimulator
		Ad-Hoc|x64 = Ad-Hoc|x64
		Ad-Hoc|x86 = Ad-Hoc|x86
		AppStore|Any CPU = AppStore|Any CPU
		AppStore|ARM = AppStore|ARM
		AppStore|iPhone = AppStore|iPhone
		AppStore|iPhoneSimulator = AppStore|iPhoneSimulator
		AppStore|x64 = AppStore|x64
		AppStore|x86 = AppStore|x86
		Debug|Any CPU = Debug|Any CPU
		Debug|ARM = Debug|ARM
		Debug|iPhone = Debug|iPhone
		Debug|iPhoneSimulator = Debug|iPhoneSimulator
		Debug|x64 = Debug|x64
		Debug|x86 = Debug|x86
		Release|Any CPU = Release|Any CPU
		Release|ARM = Release|ARM
		Release|iPhone = Release|iPhone
		Release|iPhoneSimulator = Release|iPhoneSimulator
		Release|x64 = Release|x64
		Release|x86 = Release|x86
	EndGlobalSection
	GlobalSection(ProjectConfigurationPlatforms) = postSolution
		{649C7C2A-E73F-4605-B8E5-F1CD758A87EA}.Ad-Hoc|Any CPU.ActiveCfg = Release|Any CPU
		{649C7C2A-E73F-4605-B8E5-F1CD758A87EA}.Ad-Hoc|Any CPU.Build.0 = Release|Any CPU
		{649C7C2A-E73F-4605-B8E5-F1CD758A87EA}.Ad-Hoc|Any CPU.Deploy.0 = Release|Any CPU
		{649C7C2A-E73F-4605-B8E5-F1CD758A87EA}.Ad-Hoc|ARM.ActiveCfg = Release|Any CPU
		{649C7C2A-E73F-4605-B8E5-F1CD758A87EA}.Ad-Hoc|ARM.Build.0 = Release|Any CPU
		{649C7C2A-E73F-4605-B8E5-F1CD758A87EA}.Ad-Hoc|ARM.Deploy.0 = Release|Any CPU
		{649C7C2A-E73F-4605-B8E5-F1CD758A87EA}.Ad-Hoc|iPhone.ActiveCfg = Release|Any CPU
		{649C7C2A-E73F-4605-B8E5-F1CD758A87EA}.Ad-Hoc|iPhone.Build.0 = Release|Any CPU
		{649C7C2A-E73F-4605-B8E5-F1CD758A87EA}.Ad-Hoc|iPhone.Deploy.0 = Release|Any CPU
		{649C7C2A-E73F-4605-B8E5-F1CD758A87EA}.Ad-Hoc|iPhoneSimulator.ActiveCfg = Release|Any CPU
		{649C7C2A-E73F-4605-B8E5-F1CD758A87EA}.Ad-Hoc|iPhoneSimulator.Build.0 = Release|Any CPU
		{649C7C2A-E73F-4605-B8E5-F1CD758A87EA}.Ad-Hoc|iPhoneSimulator.Deploy.0 = Release|Any CPU
		{649C7C2A-E73F-4605-B8E5-F1CD758A87EA}.Ad-Hoc|x64.ActiveCfg = Release|Any CPU
		{649C7C2A-E73F-4605-B8E5-F1CD758A87EA}.Ad-Hoc|x64.Build.0 = Release|Any CPU
		{649C7C2A-E73F-4605-B8E5-F1CD758A87EA}.Ad-Hoc|x64.Deploy.0 = Release|Any CPU
		{649C7C2A-E73F-4605-B8E5-F1CD758A87EA}.Ad-Hoc|x86.ActiveCfg = Release|Any CPU
		{649C7C2A-E73F-4605-B8E5-F1CD758A87EA}.Ad-Hoc|x86.Build.0 = Release|Any CPU
		{649C7C2A-E73F-4605-B8E5-F1CD758A87EA}.Ad-Hoc|x86.Deploy.0 = Release|Any CPU
		{649C7C2A-E73F-4605-B8E5-F1CD758A87EA}.AppStore|Any CPU.ActiveCfg = Release|Any CPU
		{649C7C2A-E73F-4605-B8E5-F1CD758A87EA}.AppStore|Any CPU.Build.0 = Release|Any CPU
		{649C7C2A-E73F-4605-B8E5-F1CD758A87EA}.AppStore|Any CPU.Deploy.0 = Release|Any CPU
		{649C7C2A-E73F-4605-B8E5-F1CD758A87EA}.AppStore|ARM.ActiveCfg = Release|Any CPU
		{649C7C2A-E73F-4605-B8E5-F1CD758A87EA}.AppStore|ARM.Build.0 = Release|Any CPU
		{649C7C2A-E73F-4605-B8E5-F1CD758A87EA}.AppStore|ARM.Deploy.0 = Release|Any CPU
		{649C7C2A-E73F-4605-B8E5-F1CD758A87EA}.AppStore|iPhone.ActiveCfg = Release|Any CPU
		{649C7C2A-E73F-4605-B8E5-F1CD758A87EA}.AppStore|iPhone.Build.0 = Release|Any CPU
		{649C7C2A-E73F-4605-B8E5-F1CD758A87EA}.AppStore|iPhone.Deploy.0 = Release|Any CPU
		{649C7C2A-E73F-4605-B8E5-F1CD758A87EA}.AppStore|iPhoneSimulator.ActiveCfg = Release|Any CPU
		{649C7C2A-E73F-4605-B8E5-F1CD758A87EA}.AppStore|iPhoneSimulator.Build.0 = Release|Any CPU
		{649C7C2A-E73F-4605-B8E5-F1CD758A87EA}.AppStore|iPhoneSimulator.Deploy.0 = Release|Any CPU
		{649C7C2A-E73F-4605-B8E5-F1CD758A87EA}.AppStore|x64.ActiveCfg = Release|Any CPU
		{649C7C2A-E73F-4605-B8E5-F1CD758A87EA}.AppStore|x64.Build.0 = Release|Any CPU
		{649C7C2A-E73F-4605-B8E5-F1CD758A87EA}.AppStore|x64.Deploy.0 = Release|Any CPU
		{649C7C2A-E73F-4605-B8E5-F1CD758A87EA}.AppStore|x86.ActiveCfg = Release|Any CPU
		{649C7C2A-E73F-4605-B8E5-F1CD758A87EA}.AppStore|x86.Build.0 = Release|Any CPU
		{649C7C2A-E73F-4605-B8E5-F1CD758A87EA}.AppStore|x86.Deploy.0 = Release|Any CPU
		{649C7C2A-E73F-4605-B8E5-F1CD758A87EA}.Debug|Any CPU.ActiveCfg = Debug|Any CPU
		{649C7C2A-E73F-4605-B8E5-F1CD758A87EA}.Debug|Any CPU.Build.0 = Debug|Any CPU
		{649C7C2A-E73F-4605-B8E5-F1CD758A87EA}.Debug|Any CPU.Deploy.0 = Debug|Any CPU
		{649C7C2A-E73F-4605-B8E5-F1CD758A87EA}.Debug|ARM.ActiveCfg = Debug|Any CPU
		{649C7C2A-E73F-4605-B8E5-F1CD758A87EA}.Debug|ARM.Build.0 = Debug|Any CPU
		{649C7C2A-E73F-4605-B8E5-F1CD758A87EA}.Debug|ARM.Deploy.0 = Debug|Any CPU
		{649C7C2A-E73F-4605-B8E5-F1CD758A87EA}.Debug|iPhone.ActiveCfg = Debug|Any CPU
		{649C7C2A-E73F-4605-B8E5-F1CD758A87EA}.Debug|iPhone.Build.0 = Debug|Any CPU
		{649C7C2A-E73F-4605-B8E5-F1CD758A87EA}.Debug|iPhone.Deploy.0 = Debug|Any CPU
		{649C7C2A-E73F-4605-B8E5-F1CD758A87EA}.Debug|iPhoneSimulator.ActiveCfg = Debug|Any CPU
		{649C7C2A-E73F-4605-B8E5-F1CD758A87EA}.Debug|iPhoneSimulator.Build.0 = Debug|Any CPU
		{649C7C2A-E73F-4605-B8E5-F1CD758A87EA}.Debug|iPhoneSimulator.Deploy.0 = Debug|Any CPU
		{649C7C2A-E73F-4605-B8E5-F1CD758A87EA}.Debug|x64.ActiveCfg = Debug|Any CPU
		{649C7C2A-E73F-4605-B8E5-F1CD758A87EA}.Debug|x64.Build.0 = Debug|Any CPU
		{649C7C2A-E73F-4605-B8E5-F1CD758A87EA}.Debug|x64.Deploy.0 = Debug|Any CPU
		{649C7C2A-E73F-4605-B8E5-F1CD758A87EA}.Debug|x86.ActiveCfg = Debug|Any CPU
		{649C7C2A-E73F-4605-B8E5-F1CD758A87EA}.Debug|x86.Build.0 = Debug|Any CPU
		{649C7C2A-E73F-4605-B8E5-F1CD758A87EA}.Debug|x86.Deploy.0 = Debug|Any CPU
		{649C7C2A-E73F-4605-B8E5-F1CD758A87EA}.Release|Any CPU.ActiveCfg = Release|Any CPU
		{649C7C2A-E73F-4605-B8E5-F1CD758A87EA}.Release|Any CPU.Build.0 = Release|Any CPU
		{649C7C2A-E73F-4605-B8E5-F1CD758A87EA}.Release|Any CPU.Deploy.0 = Release|Any CPU
		{649C7C2A-E73F-4605-B8E5-F1CD758A87EA}.Release|ARM.ActiveCfg = Release|Any CPU
		{649C7C2A-E73F-4605-B8E5-F1CD758A87EA}.Release|ARM.Build.0 = Release|Any CPU
		{649C7C2A-E73F-4605-B8E5-F1CD758A87EA}.Release|ARM.Deploy.0 = Release|Any CPU
		{649C7C2A-E73F-4605-B8E5-F1CD758A87EA}.Release|iPhone.ActiveCfg = Release|Any CPU
		{649C7C2A-E73F-4605-B8E5-F1CD758A87EA}.Release|iPhone.Build.0 = Release|Any CPU
		{649C7C2A-E73F-4605-B8E5-F1CD758A87EA}.Release|iPhone.Deploy.0 = Release|Any CPU
		{649C7C2A-E73F-4605-B8E5-F1CD758A87EA}.Release|iPhoneSimulator.ActiveCfg = Release|Any CPU
		{649C7C2A-E73F-4605-B8E5-F1CD758A87EA}.Release|iPhoneSimulator.Build.0 = Release|Any CPU
		{649C7C2A-E73F-4605-B8E5-F1CD758A87EA}.Release|iPhoneSimulator.Deploy.0 = Release|Any CPU
		{649C7C2A-E73F-4605-B8E5-F1CD758A87EA}.Release|x64.ActiveCfg = Release|Any CPU
		{649C7C2A-E73F-4605-B8E5-F1CD758A87EA}.Release|x64.Build.0 = Release|Any CPU
		{649C7C2A-E73F-4605-B8E5-F1CD758A87EA}.Release|x64.Deploy.0 = Release|Any CPU
		{649C7C2A-E73F-4605-B8E5-F1CD758A87EA}.Release|x86.ActiveCfg = Release|Any CPU
		{649C7C2A-E73F-4605-B8E5-F1CD758A87EA}.Release|x86.Build.0 = Release|Any CPU
		{649C7C2A-E73F-4605-B8E5-F1CD758A87EA}.Release|x86.Deploy.0 = Release|Any CPU
		{A30401BB-64E2-43A3-968F-32E54A0116D6}.Ad-Hoc|Any CPU.ActiveCfg = Ad-Hoc|iPhone
		{A30401BB-64E2-43A3-968F-32E54A0116D6}.Ad-Hoc|Any CPU.Build.0 = Ad-Hoc|iPhone
		{A30401BB-64E2-43A3-968F-32E54A0116D6}.Ad-Hoc|Any CPU.Deploy.0 = Ad-Hoc|iPhone
		{A30401BB-64E2-43A3-968F-32E54A0116D6}.Ad-Hoc|ARM.ActiveCfg = Ad-Hoc|iPhone
		{A30401BB-64E2-43A3-968F-32E54A0116D6}.Ad-Hoc|ARM.Build.0 = Ad-Hoc|iPhone
		{A30401BB-64E2-43A3-968F-32E54A0116D6}.Ad-Hoc|ARM.Deploy.0 = Ad-Hoc|iPhone
		{A30401BB-64E2-43A3-968F-32E54A0116D6}.Ad-Hoc|iPhone.ActiveCfg = Ad-Hoc|iPhone
		{A30401BB-64E2-43A3-968F-32E54A0116D6}.Ad-Hoc|iPhone.Build.0 = Ad-Hoc|iPhone
		{A30401BB-64E2-43A3-968F-32E54A0116D6}.Ad-Hoc|iPhone.Deploy.0 = Ad-Hoc|iPhone
		{A30401BB-64E2-43A3-968F-32E54A0116D6}.Ad-Hoc|iPhoneSimulator.ActiveCfg = Ad-Hoc|iPhoneSimulator
		{A30401BB-64E2-43A3-968F-32E54A0116D6}.Ad-Hoc|iPhoneSimulator.Build.0 = Ad-Hoc|iPhoneSimulator
		{A30401BB-64E2-43A3-968F-32E54A0116D6}.Ad-Hoc|iPhoneSimulator.Deploy.0 = Ad-Hoc|iPhoneSimulator
		{A30401BB-64E2-43A3-968F-32E54A0116D6}.Ad-Hoc|x64.ActiveCfg = Ad-Hoc|iPhone
		{A30401BB-64E2-43A3-968F-32E54A0116D6}.Ad-Hoc|x64.Build.0 = Ad-Hoc|iPhone
		{A30401BB-64E2-43A3-968F-32E54A0116D6}.Ad-Hoc|x64.Deploy.0 = Ad-Hoc|iPhone
		{A30401BB-64E2-43A3-968F-32E54A0116D6}.Ad-Hoc|x86.ActiveCfg = Ad-Hoc|iPhone
		{A30401BB-64E2-43A3-968F-32E54A0116D6}.Ad-Hoc|x86.Build.0 = Ad-Hoc|iPhone
		{A30401BB-64E2-43A3-968F-32E54A0116D6}.Ad-Hoc|x86.Deploy.0 = Ad-Hoc|iPhone
		{A30401BB-64E2-43A3-968F-32E54A0116D6}.AppStore|Any CPU.ActiveCfg = AppStore|iPhone
		{A30401BB-64E2-43A3-968F-32E54A0116D6}.AppStore|Any CPU.Build.0 = AppStore|iPhone
		{A30401BB-64E2-43A3-968F-32E54A0116D6}.AppStore|Any CPU.Deploy.0 = AppStore|iPhone
		{A30401BB-64E2-43A3-968F-32E54A0116D6}.AppStore|ARM.ActiveCfg = AppStore|iPhone
		{A30401BB-64E2-43A3-968F-32E54A0116D6}.AppStore|ARM.Build.0 = AppStore|iPhone
		{A30401BB-64E2-43A3-968F-32E54A0116D6}.AppStore|ARM.Deploy.0 = AppStore|iPhone
		{A30401BB-64E2-43A3-968F-32E54A0116D6}.AppStore|iPhone.ActiveCfg = AppStore|iPhone
		{A30401BB-64E2-43A3-968F-32E54A0116D6}.AppStore|iPhone.Build.0 = AppStore|iPhone
		{A30401BB-64E2-43A3-968F-32E54A0116D6}.AppStore|iPhone.Deploy.0 = AppStore|iPhone
		{A30401BB-64E2-43A3-968F-32E54A0116D6}.AppStore|iPhoneSimulator.ActiveCfg = AppStore|iPhoneSimulator
		{A30401BB-64E2-43A3-968F-32E54A0116D6}.AppStore|iPhoneSimulator.Build.0 = AppStore|iPhoneSimulator
		{A30401BB-64E2-43A3-968F-32E54A0116D6}.AppStore|iPhoneSimulator.Deploy.0 = AppStore|iPhoneSimulator
		{A30401BB-64E2-43A3-968F-32E54A0116D6}.AppStore|x64.ActiveCfg = AppStore|iPhone
		{A30401BB-64E2-43A3-968F-32E54A0116D6}.AppStore|x64.Build.0 = AppStore|iPhone
		{A30401BB-64E2-43A3-968F-32E54A0116D6}.AppStore|x64.Deploy.0 = AppStore|iPhone
		{A30401BB-64E2-43A3-968F-32E54A0116D6}.AppStore|x86.ActiveCfg = AppStore|iPhone
		{A30401BB-64E2-43A3-968F-32E54A0116D6}.AppStore|x86.Build.0 = AppStore|iPhone
		{A30401BB-64E2-43A3-968F-32E54A0116D6}.AppStore|x86.Deploy.0 = AppStore|iPhone
		{A30401BB-64E2-43A3-968F-32E54A0116D6}.Debug|Any CPU.ActiveCfg = Debug|iPhoneSimulator
		{A30401BB-64E2-43A3-968F-32E54A0116D6}.Debug|Any CPU.Build.0 = Debug|iPhoneSimulator
		{A30401BB-64E2-43A3-968F-32E54A0116D6}.Debug|Any CPU.Deploy.0 = Debug|iPhoneSimulator
		{A30401BB-64E2-43A3-968F-32E54A0116D6}.Debug|ARM.ActiveCfg = Debug|iPhone
		{A30401BB-64E2-43A3-968F-32E54A0116D6}.Debug|ARM.Build.0 = Debug|iPhone
		{A30401BB-64E2-43A3-968F-32E54A0116D6}.Debug|ARM.Deploy.0 = Debug|iPhone
		{A30401BB-64E2-43A3-968F-32E54A0116D6}.Debug|iPhone.ActiveCfg = Debug|iPhone
		{A30401BB-64E2-43A3-968F-32E54A0116D6}.Debug|iPhone.Build.0 = Debug|iPhone
		{A30401BB-64E2-43A3-968F-32E54A0116D6}.Debug|iPhone.Deploy.0 = Debug|iPhone
		{A30401BB-64E2-43A3-968F-32E54A0116D6}.Debug|iPhoneSimulator.ActiveCfg = Debug|iPhoneSimulator
		{A30401BB-64E2-43A3-968F-32E54A0116D6}.Debug|iPhoneSimulator.Build.0 = Debug|iPhoneSimulator
		{A30401BB-64E2-43A3-968F-32E54A0116D6}.Debug|iPhoneSimulator.Deploy.0 = Debug|iPhoneSimulator
		{A30401BB-64E2-43A3-968F-32E54A0116D6}.Debug|x64.ActiveCfg = Debug|iPhone
		{A30401BB-64E2-43A3-968F-32E54A0116D6}.Debug|x64.Build.0 = Debug|iPhone
		{A30401BB-64E2-43A3-968F-32E54A0116D6}.Debug|x64.Deploy.0 = Debug|iPhone
		{A30401BB-64E2-43A3-968F-32E54A0116D6}.Debug|x86.ActiveCfg = Debug|iPhone
		{A30401BB-64E2-43A3-968F-32E54A0116D6}.Debug|x86.Build.0 = Debug|iPhone
		{A30401BB-64E2-43A3-968F-32E54A0116D6}.Debug|x86.Deploy.0 = Debug|iPhone
		{A30401BB-64E2-43A3-968F-32E54A0116D6}.Release|Any CPU.ActiveCfg = Release|iPhone
		{A30401BB-64E2-43A3-968F-32E54A0116D6}.Release|Any CPU.Build.0 = Release|iPhone
		{A30401BB-64E2-43A3-968F-32E54A0116D6}.Release|Any CPU.Deploy.0 = Release|iPhone
		{A30401BB-64E2-43A3-968F-32E54A0116D6}.Release|ARM.ActiveCfg = Release|iPhone
		{A30401BB-64E2-43A3-968F-32E54A0116D6}.Release|ARM.Build.0 = Release|iPhone
		{A30401BB-64E2-43A3-968F-32E54A0116D6}.Release|ARM.Deploy.0 = Release|iPhone
		{A30401BB-64E2-43A3-968F-32E54A0116D6}.Release|iPhone.ActiveCfg = Release|iPhone
		{A30401BB-64E2-43A3-968F-32E54A0116D6}.Release|iPhone.Build.0 = Release|iPhone
		{A30401BB-64E2-43A3-968F-32E54A0116D6}.Release|iPhone.Deploy.0 = Release|iPhone
		{A30401BB-64E2-43A3-968F-32E54A0116D6}.Release|iPhoneSimulator.ActiveCfg = Release|iPhoneSimulator
		{A30401BB-64E2-43A3-968F-32E54A0116D6}.Release|iPhoneSimulator.Build.0 = Release|iPhoneSimulator
		{A30401BB-64E2-43A3-968F-32E54A0116D6}.Release|iPhoneSimulator.Deploy.0 = Release|iPhoneSimulator
		{A30401BB-64E2-43A3-968F-32E54A0116D6}.Release|x64.ActiveCfg = Release|iPhone
		{A30401BB-64E2-43A3-968F-32E54A0116D6}.Release|x64.Build.0 = Release|iPhone
		{A30401BB-64E2-43A3-968F-32E54A0116D6}.Release|x64.Deploy.0 = Release|iPhone
		{A30401BB-64E2-43A3-968F-32E54A0116D6}.Release|x86.ActiveCfg = Release|iPhone
		{A30401BB-64E2-43A3-968F-32E54A0116D6}.Release|x86.Build.0 = Release|iPhone
		{A30401BB-64E2-43A3-968F-32E54A0116D6}.Release|x86.Deploy.0 = Release|iPhone
		{BD4101F7-EE54-45EF-B3CC-198B9CB71206}.Ad-Hoc|Any CPU.ActiveCfg = Release|x86
		{BD4101F7-EE54-45EF-B3CC-198B9CB71206}.Ad-Hoc|Any CPU.Build.0 = Release|x86
		{BD4101F7-EE54-45EF-B3CC-198B9CB71206}.Ad-Hoc|Any CPU.Deploy.0 = Release|x86
		{BD4101F7-EE54-45EF-B3CC-198B9CB71206}.Ad-Hoc|ARM.ActiveCfg = Release|ARM
		{BD4101F7-EE54-45EF-B3CC-198B9CB71206}.Ad-Hoc|ARM.Build.0 = Release|ARM
		{BD4101F7-EE54-45EF-B3CC-198B9CB71206}.Ad-Hoc|ARM.Deploy.0 = Release|ARM
		{BD4101F7-EE54-45EF-B3CC-198B9CB71206}.Ad-Hoc|iPhone.ActiveCfg = Release|x86
		{BD4101F7-EE54-45EF-B3CC-198B9CB71206}.Ad-Hoc|iPhone.Build.0 = Release|x86
		{BD4101F7-EE54-45EF-B3CC-198B9CB71206}.Ad-Hoc|iPhone.Deploy.0 = Release|x86
		{BD4101F7-EE54-45EF-B3CC-198B9CB71206}.Ad-Hoc|iPhoneSimulator.ActiveCfg = Release|x86
		{BD4101F7-EE54-45EF-B3CC-198B9CB71206}.Ad-Hoc|iPhoneSimulator.Build.0 = Release|x86
		{BD4101F7-EE54-45EF-B3CC-198B9CB71206}.Ad-Hoc|iPhoneSimulator.Deploy.0 = Release|x86
		{BD4101F7-EE54-45EF-B3CC-198B9CB71206}.Ad-Hoc|x64.ActiveCfg = Release|x64
		{BD4101F7-EE54-45EF-B3CC-198B9CB71206}.Ad-Hoc|x64.Build.0 = Release|x64
		{BD4101F7-EE54-45EF-B3CC-198B9CB71206}.Ad-Hoc|x64.Deploy.0 = Release|x64
		{BD4101F7-EE54-45EF-B3CC-198B9CB71206}.Ad-Hoc|x86.ActiveCfg = Release|x86
		{BD4101F7-EE54-45EF-B3CC-198B9CB71206}.Ad-Hoc|x86.Build.0 = Release|x86
		{BD4101F7-EE54-45EF-B3CC-198B9CB71206}.Ad-Hoc|x86.Deploy.0 = Release|x86
		{BD4101F7-EE54-45EF-B3CC-198B9CB71206}.AppStore|Any CPU.ActiveCfg = Release|x86
		{BD4101F7-EE54-45EF-B3CC-198B9CB71206}.AppStore|Any CPU.Build.0 = Release|x86
		{BD4101F7-EE54-45EF-B3CC-198B9CB71206}.AppStore|Any CPU.Deploy.0 = Release|x86
		{BD4101F7-EE54-45EF-B3CC-198B9CB71206}.AppStore|ARM.ActiveCfg = Release|ARM
		{BD4101F7-EE54-45EF-B3CC-198B9CB71206}.AppStore|ARM.Build.0 = Release|ARM
		{BD4101F7-EE54-45EF-B3CC-198B9CB71206}.AppStore|ARM.Deploy.0 = Release|ARM
		{BD4101F7-EE54-45EF-B3CC-198B9CB71206}.AppStore|iPhone.ActiveCfg = Release|x86
		{BD4101F7-EE54-45EF-B3CC-198B9CB71206}.AppStore|iPhone.Build.0 = Release|x86
		{BD4101F7-EE54-45EF-B3CC-198B9CB71206}.AppStore|iPhone.Deploy.0 = Release|x86
		{BD4101F7-EE54-45EF-B3CC-198B9CB71206}.AppStore|iPhoneSimulator.ActiveCfg = Release|x86
		{BD4101F7-EE54-45EF-B3CC-198B9CB71206}.AppStore|iPhoneSimulator.Build.0 = Release|x86
		{BD4101F7-EE54-45EF-B3CC-198B9CB71206}.AppStore|iPhoneSimulator.Deploy.0 = Release|x86
		{BD4101F7-EE54-45EF-B3CC-198B9CB71206}.AppStore|x64.ActiveCfg = Release|x64
		{BD4101F7-EE54-45EF-B3CC-198B9CB71206}.AppStore|x64.Build.0 = Release|x64
		{BD4101F7-EE54-45EF-B3CC-198B9CB71206}.AppStore|x64.Deploy.0 = Release|x64
		{BD4101F7-EE54-45EF-B3CC-198B9CB71206}.AppStore|x86.ActiveCfg = Release|x86
		{BD4101F7-EE54-45EF-B3CC-198B9CB71206}.AppStore|x86.Build.0 = Release|x86
		{BD4101F7-EE54-45EF-B3CC-198B9CB71206}.AppStore|x86.Deploy.0 = Release|x86
		{BD4101F7-EE54-45EF-B3CC-198B9CB71206}.Debug|Any CPU.ActiveCfg = Debug|x86
		{BD4101F7-EE54-45EF-B3CC-198B9CB71206}.Debug|Any CPU.Build.0 = Debug|x86
		{BD4101F7-EE54-45EF-B3CC-198B9CB71206}.Debug|Any CPU.Deploy.0 = Debug|x86
		{BD4101F7-EE54-45EF-B3CC-198B9CB71206}.Debug|ARM.ActiveCfg = Debug|ARM
		{BD4101F7-EE54-45EF-B3CC-198B9CB71206}.Debug|ARM.Build.0 = Debug|ARM
		{BD4101F7-EE54-45EF-B3CC-198B9CB71206}.Debug|ARM.Deploy.0 = Debug|ARM
		{BD4101F7-EE54-45EF-B3CC-198B9CB71206}.Debug|iPhone.ActiveCfg = Debug|x86
		{BD4101F7-EE54-45EF-B3CC-198B9CB71206}.Debug|iPhone.Build.0 = Debug|x86
		{BD4101F7-EE54-45EF-B3CC-198B9CB71206}.Debug|iPhone.Deploy.0 = Debug|x86
		{BD4101F7-EE54-45EF-B3CC-198B9CB71206}.Debug|iPhoneSimulator.ActiveCfg = Debug|x86
		{BD4101F7-EE54-45EF-B3CC-198B9CB71206}.Debug|iPhoneSimulator.Build.0 = Debug|x86
		{BD4101F7-EE54-45EF-B3CC-198B9CB71206}.Debug|iPhoneSimulator.Deploy.0 = Debug|x86
		{BD4101F7-EE54-45EF-B3CC-198B9CB71206}.Debug|x64.ActiveCfg = Debug|x64
		{BD4101F7-EE54-45EF-B3CC-198B9CB71206}.Debug|x64.Build.0 = Debug|x64
		{BD4101F7-EE54-45EF-B3CC-198B9CB71206}.Debug|x64.Deploy.0 = Debug|x64
		{BD4101F7-EE54-45EF-B3CC-198B9CB71206}.Debug|x86.ActiveCfg = Debug|x86
		{BD4101F7-EE54-45EF-B3CC-198B9CB71206}.Debug|x86.Build.0 = Debug|x86
		{BD4101F7-EE54-45EF-B3CC-198B9CB71206}.Debug|x86.Deploy.0 = Debug|x86
		{BD4101F7-EE54-45EF-B3CC-198B9CB71206}.Release|Any CPU.ActiveCfg = Release|x86
		{BD4101F7-EE54-45EF-B3CC-198B9CB71206}.Release|Any CPU.Build.0 = Release|x86
		{BD4101F7-EE54-45EF-B3CC-198B9CB71206}.Release|Any CPU.Deploy.0 = Release|x86
		{BD4101F7-EE54-45EF-B3CC-198B9CB71206}.Release|ARM.ActiveCfg = Release|ARM
		{BD4101F7-EE54-45EF-B3CC-198B9CB71206}.Release|ARM.Build.0 = Release|ARM
		{BD4101F7-EE54-45EF-B3CC-198B9CB71206}.Release|ARM.Deploy.0 = Release|ARM
		{BD4101F7-EE54-45EF-B3CC-198B9CB71206}.Release|iPhone.ActiveCfg = Release|x86
		{BD4101F7-EE54-45EF-B3CC-198B9CB71206}.Release|iPhone.Build.0 = Release|x86
		{BD4101F7-EE54-45EF-B3CC-198B9CB71206}.Release|iPhone.Deploy.0 = Release|x86
		{BD4101F7-EE54-45EF-B3CC-198B9CB71206}.Release|iPhoneSimulator.ActiveCfg = Release|x86
		{BD4101F7-EE54-45EF-B3CC-198B9CB71206}.Release|iPhoneSimulator.Build.0 = Release|x86
		{BD4101F7-EE54-45EF-B3CC-198B9CB71206}.Release|iPhoneSimulator.Deploy.0 = Release|x86
		{BD4101F7-EE54-45EF-B3CC-198B9CB71206}.Release|x64.ActiveCfg = Release|x64
		{BD4101F7-EE54-45EF-B3CC-198B9CB71206}.Release|x64.Build.0 = Release|x64
		{BD4101F7-EE54-45EF-B3CC-198B9CB71206}.Release|x64.Deploy.0 = Release|x64
		{BD4101F7-EE54-45EF-B3CC-198B9CB71206}.Release|x86.ActiveCfg = Release|x86
		{BD4101F7-EE54-45EF-B3CC-198B9CB71206}.Release|x86.Build.0 = Release|x86
		{BD4101F7-EE54-45EF-B3CC-198B9CB71206}.Release|x86.Deploy.0 = Release|x86
		{EEC12575-1925-4C59-AC05-94DD6C0B3039}.Ad-Hoc|Any CPU.ActiveCfg = Debug|Any CPU
		{EEC12575-1925-4C59-AC05-94DD6C0B3039}.Ad-Hoc|Any CPU.Build.0 = Debug|Any CPU
		{EEC12575-1925-4C59-AC05-94DD6C0B3039}.Ad-Hoc|Any CPU.Deploy.0 = Debug|Any CPU
		{EEC12575-1925-4C59-AC05-94DD6C0B3039}.Ad-Hoc|ARM.ActiveCfg = Debug|Any CPU
		{EEC12575-1925-4C59-AC05-94DD6C0B3039}.Ad-Hoc|ARM.Build.0 = Debug|Any CPU
		{EEC12575-1925-4C59-AC05-94DD6C0B3039}.Ad-Hoc|ARM.Deploy.0 = Debug|Any CPU
		{EEC12575-1925-4C59-AC05-94DD6C0B3039}.Ad-Hoc|iPhone.ActiveCfg = Debug|Any CPU
		{EEC12575-1925-4C59-AC05-94DD6C0B3039}.Ad-Hoc|iPhone.Build.0 = Debug|Any CPU
		{EEC12575-1925-4C59-AC05-94DD6C0B3039}.Ad-Hoc|iPhone.Deploy.0 = Debug|Any CPU
		{EEC12575-1925-4C59-AC05-94DD6C0B3039}.Ad-Hoc|iPhoneSimulator.ActiveCfg = Debug|Any CPU
		{EEC12575-1925-4C59-AC05-94DD6C0B3039}.Ad-Hoc|iPhoneSimulator.Build.0 = Debug|Any CPU
		{EEC12575-1925-4C59-AC05-94DD6C0B3039}.Ad-Hoc|iPhoneSimulator.Deploy.0 = Debug|Any CPU
		{EEC12575-1925-4C59-AC05-94DD6C0B3039}.Ad-Hoc|x64.ActiveCfg = Debug|Any CPU
		{EEC12575-1925-4C59-AC05-94DD6C0B3039}.Ad-Hoc|x64.Build.0 = Debug|Any CPU
		{EEC12575-1925-4C59-AC05-94DD6C0B3039}.Ad-Hoc|x64.Deploy.0 = Debug|Any CPU
		{EEC12575-1925-4C59-AC05-94DD6C0B3039}.Ad-Hoc|x86.ActiveCfg = Debug|Any CPU
		{EEC12575-1925-4C59-AC05-94DD6C0B3039}.Ad-Hoc|x86.Build.0 = Debug|Any CPU
		{EEC12575-1925-4C59-AC05-94DD6C0B3039}.Ad-Hoc|x86.Deploy.0 = Debug|Any CPU
		{EEC12575-1925-4C59-AC05-94DD6C0B3039}.AppStore|Any CPU.ActiveCfg = Debug|Any CPU
		{EEC12575-1925-4C59-AC05-94DD6C0B3039}.AppStore|Any CPU.Build.0 = Debug|Any CPU
		{EEC12575-1925-4C59-AC05-94DD6C0B3039}.AppStore|Any CPU.Deploy.0 = Debug|Any CPU
		{EEC12575-1925-4C59-AC05-94DD6C0B3039}.AppStore|ARM.ActiveCfg = Debug|Any CPU
		{EEC12575-1925-4C59-AC05-94DD6C0B3039}.AppStore|ARM.Build.0 = Debug|Any CPU
		{EEC12575-1925-4C59-AC05-94DD6C0B3039}.AppStore|ARM.Deploy.0 = Debug|Any CPU
		{EEC12575-1925-4C59-AC05-94DD6C0B3039}.AppStore|iPhone.ActiveCfg = Debug|Any CPU
		{EEC12575-1925-4C59-AC05-94DD6C0B3039}.AppStore|iPhone.Build.0 = Debug|Any CPU
		{EEC12575-1925-4C59-AC05-94DD6C0B3039}.AppStore|iPhone.Deploy.0 = Debug|Any CPU
		{EEC12575-1925-4C59-AC05-94DD6C0B3039}.AppStore|iPhoneSimulator.ActiveCfg = Debug|Any CPU
		{EEC12575-1925-4C59-AC05-94DD6C0B3039}.AppStore|iPhoneSimulator.Build.0 = Debug|Any CPU
		{EEC12575-1925-4C59-AC05-94DD6C0B3039}.AppStore|iPhoneSimulator.Deploy.0 = Debug|Any CPU
		{EEC12575-1925-4C59-AC05-94DD6C0B3039}.AppStore|x64.ActiveCfg = Debug|Any CPU
		{EEC12575-1925-4C59-AC05-94DD6C0B3039}.AppStore|x64.Build.0 = Debug|Any CPU
		{EEC12575-1925-4C59-AC05-94DD6C0B3039}.AppStore|x64.Deploy.0 = Debug|Any CPU
		{EEC12575-1925-4C59-AC05-94DD6C0B3039}.AppStore|x86.ActiveCfg = Debug|Any CPU
		{EEC12575-1925-4C59-AC05-94DD6C0B3039}.AppStore|x86.Build.0 = Debug|Any CPU
		{EEC12575-1925-4C59-AC05-94DD6C0B3039}.AppStore|x86.Deploy.0 = Debug|Any CPU
		{EEC12575-1925-4C59-AC05-94DD6C0B3039}.Debug|Any CPU.ActiveCfg = Debug|Any CPU
		{EEC12575-1925-4C59-AC05-94DD6C0B3039}.Debug|Any CPU.Build.0 = Debug|Any CPU
		{EEC12575-1925-4C59-AC05-94DD6C0B3039}.Debug|Any CPU.Deploy.0 = Debug|Any CPU
		{EEC12575-1925-4C59-AC05-94DD6C0B3039}.Debug|ARM.ActiveCfg = Debug|Any CPU
		{EEC12575-1925-4C59-AC05-94DD6C0B3039}.Debug|ARM.Build.0 = Debug|Any CPU
		{EEC12575-1925-4C59-AC05-94DD6C0B3039}.Debug|ARM.Deploy.0 = Debug|Any CPU
		{EEC12575-1925-4C59-AC05-94DD6C0B3039}.Debug|iPhone.ActiveCfg = Debug|Any CPU
		{EEC12575-1925-4C59-AC05-94DD6C0B3039}.Debug|iPhone.Build.0 = Debug|Any CPU
		{EEC12575-1925-4C59-AC05-94DD6C0B3039}.Debug|iPhone.Deploy.0 = Debug|Any CPU
		{EEC12575-1925-4C59-AC05-94DD6C0B3039}.Debug|iPhoneSimulator.ActiveCfg = Debug|Any CPU
		{EEC12575-1925-4C59-AC05-94DD6C0B3039}.Debug|iPhoneSimulator.Build.0 = Debug|Any CPU
		{EEC12575-1925-4C59-AC05-94DD6C0B3039}.Debug|iPhoneSimulator.Deploy.0 = Debug|Any CPU
		{EEC12575-1925-4C59-AC05-94DD6C0B3039}.Debug|x64.ActiveCfg = Debug|Any CPU
		{EEC12575-1925-4C59-AC05-94DD6C0B3039}.Debug|x64.Build.0 = Debug|Any CPU
		{EEC12575-1925-4C59-AC05-94DD6C0B3039}.Debug|x64.Deploy.0 = Debug|Any CPU
		{EEC12575-1925-4C59-AC05-94DD6C0B3039}.Debug|x86.ActiveCfg = Debug|Any CPU
		{EEC12575-1925-4C59-AC05-94DD6C0B3039}.Debug|x86.Build.0 = Debug|Any CPU
		{EEC12575-1925-4C59-AC05-94DD6C0B3039}.Debug|x86.Deploy.0 = Debug|Any CPU
		{EEC12575-1925-4C59-AC05-94DD6C0B3039}.Release|Any CPU.ActiveCfg = Release|Any CPU
		{EEC12575-1925-4C59-AC05-94DD6C0B3039}.Release|Any CPU.Build.0 = Release|Any CPU
		{EEC12575-1925-4C59-AC05-94DD6C0B3039}.Release|Any CPU.Deploy.0 = Release|Any CPU
		{EEC12575-1925-4C59-AC05-94DD6C0B3039}.Release|ARM.ActiveCfg = Release|Any CPU
		{EEC12575-1925-4C59-AC05-94DD6C0B3039}.Release|ARM.Build.0 = Release|Any CPU
		{EEC12575-1925-4C59-AC05-94DD6C0B3039}.Release|ARM.Deploy.0 = Release|Any CPU
		{EEC12575-1925-4C59-AC05-94DD6C0B3039}.Release|iPhone.ActiveCfg = Release|Any CPU
		{EEC12575-1925-4C59-AC05-94DD6C0B3039}.Release|iPhone.Build.0 = Release|Any CPU
		{EEC12575-1925-4C59-AC05-94DD6C0B3039}.Release|iPhone.Deploy.0 = Release|Any CPU
		{EEC12575-1925-4C59-AC05-94DD6C0B3039}.Release|iPhoneSimulator.ActiveCfg = Release|Any CPU
		{EEC12575-1925-4C59-AC05-94DD6C0B3039}.Release|iPhoneSimulator.Build.0 = Release|Any CPU
		{EEC12575-1925-4C59-AC05-94DD6C0B3039}.Release|iPhoneSimulator.Deploy.0 = Release|Any CPU
		{EEC12575-1925-4C59-AC05-94DD6C0B3039}.Release|x64.ActiveCfg = Release|Any CPU
		{EEC12575-1925-4C59-AC05-94DD6C0B3039}.Release|x64.Build.0 = Release|Any CPU
		{EEC12575-1925-4C59-AC05-94DD6C0B3039}.Release|x64.Deploy.0 = Release|Any CPU
		{EEC12575-1925-4C59-AC05-94DD6C0B3039}.Release|x86.ActiveCfg = Release|Any CPU
		{EEC12575-1925-4C59-AC05-94DD6C0B3039}.Release|x86.Build.0 = Release|Any CPU
		{EEC12575-1925-4C59-AC05-94DD6C0B3039}.Release|x86.Deploy.0 = Release|Any CPU
		{028E7AB9-07A6-4CEE-AF39-57DBC4C26B9A}.Ad-Hoc|Any CPU.ActiveCfg = Release|Any CPU
		{028E7AB9-07A6-4CEE-AF39-57DBC4C26B9A}.Ad-Hoc|Any CPU.Build.0 = Release|Any CPU
		{028E7AB9-07A6-4CEE-AF39-57DBC4C26B9A}.Ad-Hoc|ARM.ActiveCfg = Release|Any CPU
		{028E7AB9-07A6-4CEE-AF39-57DBC4C26B9A}.Ad-Hoc|ARM.Build.0 = Release|Any CPU
		{028E7AB9-07A6-4CEE-AF39-57DBC4C26B9A}.Ad-Hoc|iPhone.ActiveCfg = Release|Any CPU
		{028E7AB9-07A6-4CEE-AF39-57DBC4C26B9A}.Ad-Hoc|iPhone.Build.0 = Release|Any CPU
		{028E7AB9-07A6-4CEE-AF39-57DBC4C26B9A}.Ad-Hoc|iPhoneSimulator.ActiveCfg = Release|Any CPU
		{028E7AB9-07A6-4CEE-AF39-57DBC4C26B9A}.Ad-Hoc|iPhoneSimulator.Build.0 = Release|Any CPU
		{028E7AB9-07A6-4CEE-AF39-57DBC4C26B9A}.Ad-Hoc|x64.ActiveCfg = Release|Any CPU
		{028E7AB9-07A6-4CEE-AF39-57DBC4C26B9A}.Ad-Hoc|x64.Build.0 = Release|Any CPU
		{028E7AB9-07A6-4CEE-AF39-57DBC4C26B9A}.Ad-Hoc|x86.ActiveCfg = Release|Any CPU
		{028E7AB9-07A6-4CEE-AF39-57DBC4C26B9A}.Ad-Hoc|x86.Build.0 = Release|Any CPU
		{028E7AB9-07A6-4CEE-AF39-57DBC4C26B9A}.AppStore|Any CPU.ActiveCfg = Release|Any CPU
		{028E7AB9-07A6-4CEE-AF39-57DBC4C26B9A}.AppStore|Any CPU.Build.0 = Release|Any CPU
		{028E7AB9-07A6-4CEE-AF39-57DBC4C26B9A}.AppStore|ARM.ActiveCfg = Release|Any CPU
		{028E7AB9-07A6-4CEE-AF39-57DBC4C26B9A}.AppStore|ARM.Build.0 = Release|Any CPU
		{028E7AB9-07A6-4CEE-AF39-57DBC4C26B9A}.AppStore|iPhone.ActiveCfg = Release|Any CPU
		{028E7AB9-07A6-4CEE-AF39-57DBC4C26B9A}.AppStore|iPhone.Build.0 = Release|Any CPU
		{028E7AB9-07A6-4CEE-AF39-57DBC4C26B9A}.AppStore|iPhoneSimulator.ActiveCfg = Release|Any CPU
		{028E7AB9-07A6-4CEE-AF39-57DBC4C26B9A}.AppStore|iPhoneSimulator.Build.0 = Release|Any CPU
		{028E7AB9-07A6-4CEE-AF39-57DBC4C26B9A}.AppStore|x64.ActiveCfg = Release|Any CPU
		{028E7AB9-07A6-4CEE-AF39-57DBC4C26B9A}.AppStore|x64.Build.0 = Release|Any CPU
		{028E7AB9-07A6-4CEE-AF39-57DBC4C26B9A}.AppStore|x86.ActiveCfg = Release|Any CPU
		{028E7AB9-07A6-4CEE-AF39-57DBC4C26B9A}.AppStore|x86.Build.0 = Release|Any CPU
		{028E7AB9-07A6-4CEE-AF39-57DBC4C26B9A}.Debug|Any CPU.ActiveCfg = Debug|Any CPU
		{028E7AB9-07A6-4CEE-AF39-57DBC4C26B9A}.Debug|Any CPU.Build.0 = Debug|Any CPU
		{028E7AB9-07A6-4CEE-AF39-57DBC4C26B9A}.Debug|ARM.ActiveCfg = Debug|Any CPU
		{028E7AB9-07A6-4CEE-AF39-57DBC4C26B9A}.Debug|ARM.Build.0 = Debug|Any CPU
		{028E7AB9-07A6-4CEE-AF39-57DBC4C26B9A}.Debug|iPhone.ActiveCfg = Debug|Any CPU
		{028E7AB9-07A6-4CEE-AF39-57DBC4C26B9A}.Debug|iPhone.Build.0 = Debug|Any CPU
		{028E7AB9-07A6-4CEE-AF39-57DBC4C26B9A}.Debug|iPhoneSimulator.ActiveCfg = Debug|Any CPU
		{028E7AB9-07A6-4CEE-AF39-57DBC4C26B9A}.Debug|iPhoneSimulator.Build.0 = Debug|Any CPU
		{028E7AB9-07A6-4CEE-AF39-57DBC4C26B9A}.Debug|x64.ActiveCfg = Debug|Any CPU
		{028E7AB9-07A6-4CEE-AF39-57DBC4C26B9A}.Debug|x64.Build.0 = Debug|Any CPU
		{028E7AB9-07A6-4CEE-AF39-57DBC4C26B9A}.Debug|x86.ActiveCfg = Debug|Any CPU
		{028E7AB9-07A6-4CEE-AF39-57DBC4C26B9A}.Debug|x86.Build.0 = Debug|Any CPU
		{028E7AB9-07A6-4CEE-AF39-57DBC4C26B9A}.Release|Any CPU.ActiveCfg = Release|Any CPU
		{028E7AB9-07A6-4CEE-AF39-57DBC4C26B9A}.Release|Any CPU.Build.0 = Release|Any CPU
		{028E7AB9-07A6-4CEE-AF39-57DBC4C26B9A}.Release|ARM.ActiveCfg = Release|Any CPU
		{028E7AB9-07A6-4CEE-AF39-57DBC4C26B9A}.Release|ARM.Build.0 = Release|Any CPU
		{028E7AB9-07A6-4CEE-AF39-57DBC4C26B9A}.Release|iPhone.ActiveCfg = Release|Any CPU
		{028E7AB9-07A6-4CEE-AF39-57DBC4C26B9A}.Release|iPhone.Build.0 = Release|Any CPU
		{028E7AB9-07A6-4CEE-AF39-57DBC4C26B9A}.Release|iPhoneSimulator.ActiveCfg = Release|Any CPU
		{028E7AB9-07A6-4CEE-AF39-57DBC4C26B9A}.Release|iPhoneSimulator.Build.0 = Release|Any CPU
		{028E7AB9-07A6-4CEE-AF39-57DBC4C26B9A}.Release|x64.ActiveCfg = Release|Any CPU
		{028E7AB9-07A6-4CEE-AF39-57DBC4C26B9A}.Release|x64.Build.0 = Release|Any CPU
		{028E7AB9-07A6-4CEE-AF39-57DBC4C26B9A}.Release|x86.ActiveCfg = Release|Any CPU
		{028E7AB9-07A6-4CEE-AF39-57DBC4C26B9A}.Release|x86.Build.0 = Release|Any CPU
		{6227002A-99B8-494D-955A-F46E3BF11E6B}.Ad-Hoc|Any CPU.ActiveCfg = Release|Any CPU
		{6227002A-99B8-494D-955A-F46E3BF11E6B}.Ad-Hoc|Any CPU.Build.0 = Release|Any CPU
		{6227002A-99B8-494D-955A-F46E3BF11E6B}.Ad-Hoc|ARM.ActiveCfg = Release|Any CPU
		{6227002A-99B8-494D-955A-F46E3BF11E6B}.Ad-Hoc|ARM.Build.0 = Release|Any CPU
		{6227002A-99B8-494D-955A-F46E3BF11E6B}.Ad-Hoc|iPhone.ActiveCfg = Release|Any CPU
		{6227002A-99B8-494D-955A-F46E3BF11E6B}.Ad-Hoc|iPhone.Build.0 = Release|Any CPU
		{6227002A-99B8-494D-955A-F46E3BF11E6B}.Ad-Hoc|iPhoneSimulator.ActiveCfg = Release|Any CPU
		{6227002A-99B8-494D-955A-F46E3BF11E6B}.Ad-Hoc|iPhoneSimulator.Build.0 = Release|Any CPU
		{6227002A-99B8-494D-955A-F46E3BF11E6B}.Ad-Hoc|x64.ActiveCfg = Release|Any CPU
		{6227002A-99B8-494D-955A-F46E3BF11E6B}.Ad-Hoc|x64.Build.0 = Release|Any CPU
		{6227002A-99B8-494D-955A-F46E3BF11E6B}.Ad-Hoc|x86.ActiveCfg = Release|Any CPU
		{6227002A-99B8-494D-955A-F46E3BF11E6B}.Ad-Hoc|x86.Build.0 = Release|Any CPU
		{6227002A-99B8-494D-955A-F46E3BF11E6B}.AppStore|Any CPU.ActiveCfg = Release|Any CPU
		{6227002A-99B8-494D-955A-F46E3BF11E6B}.AppStore|Any CPU.Build.0 = Release|Any CPU
		{6227002A-99B8-494D-955A-F46E3BF11E6B}.AppStore|ARM.ActiveCfg = Release|Any CPU
		{6227002A-99B8-494D-955A-F46E3BF11E6B}.AppStore|ARM.Build.0 = Release|Any CPU
		{6227002A-99B8-494D-955A-F46E3BF11E6B}.AppStore|iPhone.ActiveCfg = Release|Any CPU
		{6227002A-99B8-494D-955A-F46E3BF11E6B}.AppStore|iPhone.Build.0 = Release|Any CPU
		{6227002A-99B8-494D-955A-F46E3BF11E6B}.AppStore|iPhoneSimulator.ActiveCfg = Release|Any CPU
		{6227002A-99B8-494D-955A-F46E3BF11E6B}.AppStore|iPhoneSimulator.Build.0 = Release|Any CPU
		{6227002A-99B8-494D-955A-F46E3BF11E6B}.AppStore|x64.ActiveCfg = Release|Any CPU
		{6227002A-99B8-494D-955A-F46E3BF11E6B}.AppStore|x64.Build.0 = Release|Any CPU
		{6227002A-99B8-494D-955A-F46E3BF11E6B}.AppStore|x86.ActiveCfg = Release|Any CPU
		{6227002A-99B8-494D-955A-F46E3BF11E6B}.AppStore|x86.Build.0 = Release|Any CPU
		{6227002A-99B8-494D-955A-F46E3BF11E6B}.Debug|Any CPU.ActiveCfg = Debug|Any CPU
		{6227002A-99B8-494D-955A-F46E3BF11E6B}.Debug|Any CPU.Build.0 = Debug|Any CPU
		{6227002A-99B8-494D-955A-F46E3BF11E6B}.Debug|ARM.ActiveCfg = Debug|Any CPU
		{6227002A-99B8-494D-955A-F46E3BF11E6B}.Debug|ARM.Build.0 = Debug|Any CPU
		{6227002A-99B8-494D-955A-F46E3BF11E6B}.Debug|iPhone.ActiveCfg = Debug|Any CPU
		{6227002A-99B8-494D-955A-F46E3BF11E6B}.Debug|iPhone.Build.0 = Debug|Any CPU
		{6227002A-99B8-494D-955A-F46E3BF11E6B}.Debug|iPhoneSimulator.ActiveCfg = Debug|Any CPU
		{6227002A-99B8-494D-955A-F46E3BF11E6B}.Debug|iPhoneSimulator.Build.0 = Debug|Any CPU
		{6227002A-99B8-494D-955A-F46E3BF11E6B}.Debug|x64.ActiveCfg = Debug|Any CPU
		{6227002A-99B8-494D-955A-F46E3BF11E6B}.Debug|x64.Build.0 = Debug|Any CPU
		{6227002A-99B8-494D-955A-F46E3BF11E6B}.Debug|x86.ActiveCfg = Debug|Any CPU
		{6227002A-99B8-494D-955A-F46E3BF11E6B}.Debug|x86.Build.0 = Debug|Any CPU
		{6227002A-99B8-494D-955A-F46E3BF11E6B}.Release|Any CPU.ActiveCfg = Release|Any CPU
		{6227002A-99B8-494D-955A-F46E3BF11E6B}.Release|Any CPU.Build.0 = Release|Any CPU
		{6227002A-99B8-494D-955A-F46E3BF11E6B}.Release|ARM.ActiveCfg = Release|Any CPU
		{6227002A-99B8-494D-955A-F46E3BF11E6B}.Release|ARM.Build.0 = Release|Any CPU
		{6227002A-99B8-494D-955A-F46E3BF11E6B}.Release|iPhone.ActiveCfg = Release|Any CPU
		{6227002A-99B8-494D-955A-F46E3BF11E6B}.Release|iPhone.Build.0 = Release|Any CPU
		{6227002A-99B8-494D-955A-F46E3BF11E6B}.Release|iPhoneSimulator.ActiveCfg = Release|Any CPU
		{6227002A-99B8-494D-955A-F46E3BF11E6B}.Release|iPhoneSimulator.Build.0 = Release|Any CPU
		{6227002A-99B8-494D-955A-F46E3BF11E6B}.Release|x64.ActiveCfg = Release|Any CPU
		{6227002A-99B8-494D-955A-F46E3BF11E6B}.Release|x64.Build.0 = Release|Any CPU
		{6227002A-99B8-494D-955A-F46E3BF11E6B}.Release|x86.ActiveCfg = Release|Any CPU
		{6227002A-99B8-494D-955A-F46E3BF11E6B}.Release|x86.Build.0 = Release|Any CPU
		{47EA4601-5BE5-4031-AA8B-AF596C947C5F}.Ad-Hoc|Any CPU.ActiveCfg = Release|Any CPU
		{47EA4601-5BE5-4031-AA8B-AF596C947C5F}.Ad-Hoc|Any CPU.Build.0 = Release|Any CPU
		{47EA4601-5BE5-4031-AA8B-AF596C947C5F}.Ad-Hoc|ARM.ActiveCfg = Release|Any CPU
		{47EA4601-5BE5-4031-AA8B-AF596C947C5F}.Ad-Hoc|ARM.Build.0 = Release|Any CPU
		{47EA4601-5BE5-4031-AA8B-AF596C947C5F}.Ad-Hoc|iPhone.ActiveCfg = Release|Any CPU
		{47EA4601-5BE5-4031-AA8B-AF596C947C5F}.Ad-Hoc|iPhone.Build.0 = Release|Any CPU
		{47EA4601-5BE5-4031-AA8B-AF596C947C5F}.Ad-Hoc|iPhoneSimulator.ActiveCfg = Release|Any CPU
		{47EA4601-5BE5-4031-AA8B-AF596C947C5F}.Ad-Hoc|iPhoneSimulator.Build.0 = Release|Any CPU
		{47EA4601-5BE5-4031-AA8B-AF596C947C5F}.Ad-Hoc|x64.ActiveCfg = Release|Any CPU
		{47EA4601-5BE5-4031-AA8B-AF596C947C5F}.Ad-Hoc|x64.Build.0 = Release|Any CPU
		{47EA4601-5BE5-4031-AA8B-AF596C947C5F}.Ad-Hoc|x86.ActiveCfg = Release|Any CPU
		{47EA4601-5BE5-4031-AA8B-AF596C947C5F}.Ad-Hoc|x86.Build.0 = Release|Any CPU
		{47EA4601-5BE5-4031-AA8B-AF596C947C5F}.AppStore|Any CPU.ActiveCfg = Release|Any CPU
		{47EA4601-5BE5-4031-AA8B-AF596C947C5F}.AppStore|Any CPU.Build.0 = Release|Any CPU
		{47EA4601-5BE5-4031-AA8B-AF596C947C5F}.AppStore|ARM.ActiveCfg = Release|Any CPU
		{47EA4601-5BE5-4031-AA8B-AF596C947C5F}.AppStore|ARM.Build.0 = Release|Any CPU
		{47EA4601-5BE5-4031-AA8B-AF596C947C5F}.AppStore|iPhone.ActiveCfg = Release|Any CPU
		{47EA4601-5BE5-4031-AA8B-AF596C947C5F}.AppStore|iPhone.Build.0 = Release|Any CPU
		{47EA4601-5BE5-4031-AA8B-AF596C947C5F}.AppStore|iPhoneSimulator.ActiveCfg = Release|Any CPU
		{47EA4601-5BE5-4031-AA8B-AF596C947C5F}.AppStore|iPhoneSimulator.Build.0 = Release|Any CPU
		{47EA4601-5BE5-4031-AA8B-AF596C947C5F}.AppStore|x64.ActiveCfg = Release|Any CPU
		{47EA4601-5BE5-4031-AA8B-AF596C947C5F}.AppStore|x64.Build.0 = Release|Any CPU
		{47EA4601-5BE5-4031-AA8B-AF596C947C5F}.AppStore|x86.ActiveCfg = Release|Any CPU
		{47EA4601-5BE5-4031-AA8B-AF596C947C5F}.AppStore|x86.Build.0 = Release|Any CPU
		{47EA4601-5BE5-4031-AA8B-AF596C947C5F}.Debug|Any CPU.ActiveCfg = Debug|Any CPU
		{47EA4601-5BE5-4031-AA8B-AF596C947C5F}.Debug|Any CPU.Build.0 = Debug|Any CPU
		{47EA4601-5BE5-4031-AA8B-AF596C947C5F}.Debug|ARM.ActiveCfg = Debug|Any CPU
		{47EA4601-5BE5-4031-AA8B-AF596C947C5F}.Debug|ARM.Build.0 = Debug|Any CPU
		{47EA4601-5BE5-4031-AA8B-AF596C947C5F}.Debug|iPhone.ActiveCfg = Debug|Any CPU
		{47EA4601-5BE5-4031-AA8B-AF596C947C5F}.Debug|iPhone.Build.0 = Debug|Any CPU
		{47EA4601-5BE5-4031-AA8B-AF596C947C5F}.Debug|iPhoneSimulator.ActiveCfg = Debug|Any CPU
		{47EA4601-5BE5-4031-AA8B-AF596C947C5F}.Debug|iPhoneSimulator.Build.0 = Debug|Any CPU
		{47EA4601-5BE5-4031-AA8B-AF596C947C5F}.Debug|x64.ActiveCfg = Debug|Any CPU
		{47EA4601-5BE5-4031-AA8B-AF596C947C5F}.Debug|x64.Build.0 = Debug|Any CPU
		{47EA4601-5BE5-4031-AA8B-AF596C947C5F}.Debug|x86.ActiveCfg = Debug|Any CPU
		{47EA4601-5BE5-4031-AA8B-AF596C947C5F}.Debug|x86.Build.0 = Debug|Any CPU
		{47EA4601-5BE5-4031-AA8B-AF596C947C5F}.Release|Any CPU.ActiveCfg = Release|Any CPU
		{47EA4601-5BE5-4031-AA8B-AF596C947C5F}.Release|Any CPU.Build.0 = Release|Any CPU
		{47EA4601-5BE5-4031-AA8B-AF596C947C5F}.Release|ARM.ActiveCfg = Release|Any CPU
		{47EA4601-5BE5-4031-AA8B-AF596C947C5F}.Release|ARM.Build.0 = Release|Any CPU
		{47EA4601-5BE5-4031-AA8B-AF596C947C5F}.Release|iPhone.ActiveCfg = Release|Any CPU
		{47EA4601-5BE5-4031-AA8B-AF596C947C5F}.Release|iPhone.Build.0 = Release|Any CPU
		{47EA4601-5BE5-4031-AA8B-AF596C947C5F}.Release|iPhoneSimulator.ActiveCfg = Release|Any CPU
		{47EA4601-5BE5-4031-AA8B-AF596C947C5F}.Release|iPhoneSimulator.Build.0 = Release|Any CPU
		{47EA4601-5BE5-4031-AA8B-AF596C947C5F}.Release|x64.ActiveCfg = Release|Any CPU
		{47EA4601-5BE5-4031-AA8B-AF596C947C5F}.Release|x64.Build.0 = Release|Any CPU
		{47EA4601-5BE5-4031-AA8B-AF596C947C5F}.Release|x86.ActiveCfg = Release|Any CPU
		{47EA4601-5BE5-4031-AA8B-AF596C947C5F}.Release|x86.Build.0 = Release|Any CPU
		{AF750477-7E19-45FF-A74B-4A8C424DC7F5}.Ad-Hoc|Any CPU.ActiveCfg = Release|Any CPU
		{AF750477-7E19-45FF-A74B-4A8C424DC7F5}.Ad-Hoc|Any CPU.Build.0 = Release|Any CPU
		{AF750477-7E19-45FF-A74B-4A8C424DC7F5}.Ad-Hoc|ARM.ActiveCfg = Release|Any CPU
		{AF750477-7E19-45FF-A74B-4A8C424DC7F5}.Ad-Hoc|ARM.Build.0 = Release|Any CPU
		{AF750477-7E19-45FF-A74B-4A8C424DC7F5}.Ad-Hoc|iPhone.ActiveCfg = Release|Any CPU
		{AF750477-7E19-45FF-A74B-4A8C424DC7F5}.Ad-Hoc|iPhone.Build.0 = Release|Any CPU
		{AF750477-7E19-45FF-A74B-4A8C424DC7F5}.Ad-Hoc|iPhoneSimulator.ActiveCfg = Release|Any CPU
		{AF750477-7E19-45FF-A74B-4A8C424DC7F5}.Ad-Hoc|iPhoneSimulator.Build.0 = Release|Any CPU
		{AF750477-7E19-45FF-A74B-4A8C424DC7F5}.Ad-Hoc|x64.ActiveCfg = Release|Any CPU
		{AF750477-7E19-45FF-A74B-4A8C424DC7F5}.Ad-Hoc|x64.Build.0 = Release|Any CPU
		{AF750477-7E19-45FF-A74B-4A8C424DC7F5}.Ad-Hoc|x86.ActiveCfg = Release|Any CPU
		{AF750477-7E19-45FF-A74B-4A8C424DC7F5}.Ad-Hoc|x86.Build.0 = Release|Any CPU
		{AF750477-7E19-45FF-A74B-4A8C424DC7F5}.AppStore|Any CPU.ActiveCfg = Release|Any CPU
		{AF750477-7E19-45FF-A74B-4A8C424DC7F5}.AppStore|Any CPU.Build.0 = Release|Any CPU
		{AF750477-7E19-45FF-A74B-4A8C424DC7F5}.AppStore|ARM.ActiveCfg = Release|Any CPU
		{AF750477-7E19-45FF-A74B-4A8C424DC7F5}.AppStore|ARM.Build.0 = Release|Any CPU
		{AF750477-7E19-45FF-A74B-4A8C424DC7F5}.AppStore|iPhone.ActiveCfg = Release|Any CPU
		{AF750477-7E19-45FF-A74B-4A8C424DC7F5}.AppStore|iPhone.Build.0 = Release|Any CPU
		{AF750477-7E19-45FF-A74B-4A8C424DC7F5}.AppStore|iPhoneSimulator.ActiveCfg = Release|Any CPU
		{AF750477-7E19-45FF-A74B-4A8C424DC7F5}.AppStore|iPhoneSimulator.Build.0 = Release|Any CPU
		{AF750477-7E19-45FF-A74B-4A8C424DC7F5}.AppStore|x64.ActiveCfg = Release|Any CPU
		{AF750477-7E19-45FF-A74B-4A8C424DC7F5}.AppStore|x64.Build.0 = Release|Any CPU
		{AF750477-7E19-45FF-A74B-4A8C424DC7F5}.AppStore|x86.ActiveCfg = Release|Any CPU
		{AF750477-7E19-45FF-A74B-4A8C424DC7F5}.AppStore|x86.Build.0 = Release|Any CPU
		{AF750477-7E19-45FF-A74B-4A8C424DC7F5}.Debug|Any CPU.ActiveCfg = Debug|Any CPU
		{AF750477-7E19-45FF-A74B-4A8C424DC7F5}.Debug|Any CPU.Build.0 = Debug|Any CPU
		{AF750477-7E19-45FF-A74B-4A8C424DC7F5}.Debug|ARM.ActiveCfg = Debug|Any CPU
		{AF750477-7E19-45FF-A74B-4A8C424DC7F5}.Debug|ARM.Build.0 = Debug|Any CPU
		{AF750477-7E19-45FF-A74B-4A8C424DC7F5}.Debug|iPhone.ActiveCfg = Debug|Any CPU
		{AF750477-7E19-45FF-A74B-4A8C424DC7F5}.Debug|iPhone.Build.0 = Debug|Any CPU
		{AF750477-7E19-45FF-A74B-4A8C424DC7F5}.Debug|iPhoneSimulator.ActiveCfg = Debug|Any CPU
		{AF750477-7E19-45FF-A74B-4A8C424DC7F5}.Debug|iPhoneSimulator.Build.0 = Debug|Any CPU
		{AF750477-7E19-45FF-A74B-4A8C424DC7F5}.Debug|x64.ActiveCfg = Debug|Any CPU
		{AF750477-7E19-45FF-A74B-4A8C424DC7F5}.Debug|x64.Build.0 = Debug|Any CPU
		{AF750477-7E19-45FF-A74B-4A8C424DC7F5}.Debug|x86.ActiveCfg = Debug|Any CPU
		{AF750477-7E19-45FF-A74B-4A8C424DC7F5}.Debug|x86.Build.0 = Debug|Any CPU
		{AF750477-7E19-45FF-A74B-4A8C424DC7F5}.Release|Any CPU.ActiveCfg = Release|Any CPU
		{AF750477-7E19-45FF-A74B-4A8C424DC7F5}.Release|Any CPU.Build.0 = Release|Any CPU
		{AF750477-7E19-45FF-A74B-4A8C424DC7F5}.Release|ARM.ActiveCfg = Release|Any CPU
		{AF750477-7E19-45FF-A74B-4A8C424DC7F5}.Release|ARM.Build.0 = Release|Any CPU
		{AF750477-7E19-45FF-A74B-4A8C424DC7F5}.Release|iPhone.ActiveCfg = Release|Any CPU
		{AF750477-7E19-45FF-A74B-4A8C424DC7F5}.Release|iPhone.Build.0 = Release|Any CPU
		{AF750477-7E19-45FF-A74B-4A8C424DC7F5}.Release|iPhoneSimulator.ActiveCfg = Release|Any CPU
		{AF750477-7E19-45FF-A74B-4A8C424DC7F5}.Release|iPhoneSimulator.Build.0 = Release|Any CPU
		{AF750477-7E19-45FF-A74B-4A8C424DC7F5}.Release|x64.ActiveCfg = Release|Any CPU
		{AF750477-7E19-45FF-A74B-4A8C424DC7F5}.Release|x64.Build.0 = Release|Any CPU
		{AF750477-7E19-45FF-A74B-4A8C424DC7F5}.Release|x86.ActiveCfg = Release|Any CPU
		{AF750477-7E19-45FF-A74B-4A8C424DC7F5}.Release|x86.Build.0 = Release|Any CPU
	EndGlobalSection
	GlobalSection(SolutionProperties) = preSolution
		HideSolutionNode = FALSE
	EndGlobalSection
	GlobalSection(ExtensibilityGlobals) = postSolution
		SolutionGuid = {5FA7EFAD-D324-45FA-92D8-85B60A044A3B}
	EndGlobalSection
EndGlobal
